version = 1
revision = 3
requires-python = ">=3.9"
resolution-markers = [
    "python_full_version >= '3.10'",
    "python_full_version < '3.10'",
]

[[package]]
name = "python-dotenv"
version = "1.2.1"
source = { registry = "https://pypi.org/simple" }
resolution-markers = [
    "python_full_version < '3.10'",
]
sdist = { url = "https://files.pythonhosted.org/packages/f0/26/19cadc79a718c5edbec86fd4919a6b6d3f681039a2f6d66d14be94e75fb9/python_dotenv-1.2.1.tar.gz", hash = "sha256:42667e897e16ab0d66954af0e60a9caa94f0fd4ecf3aaf6d2d260eec1aa36ad6", size = 44221, upload-time = "2025-10-26T15:12:10.434Z" }
wheels = [
    { url = "https://files.pythonhosted.org/packages/14/1b/a298b06749107c305e1fe0f814c6c74aea7b2f1e10989cb30f544a1b3253/python_dotenv-1.2.1-py3-none-any.whl", hash = "sha256:b81ee9561e9ca4004139c6cbba3a238c32b03e4894671e181b671e8cb8425d61", size = 21230, upload-time = "2025-10-26T15:12:09.109Z" },
]

[[package]]
name = "python-dotenv"
version = "1.2.2"
source = { registry = "https://pypi.org/simple" }
resolution-markers = [
    "python_full_version >= '3.10'",
]
sdist = { url = "https://files.pythonhosted.org/packages/82/ed/0301aeeac3e5353ef3d94b6ec08bbcabd04a72018415dcb29e588514bba8/python_dotenv-1.2.2.tar.gz", hash = "sha256:2c371a91fbd7ba082c2c1dc1f8bf89ca22564a087c2c287cd9b662adde799cf3", size = 50135, upload-time = "2026-03-01T16:00:26.196Z" }
wheels = [
    { url = "https://files.pythonhosted.org/packages/0b/d7/1959b9648791274998a9c3526f6d0ec8fd2233e4d4acce81bbae76b44b2a/python_dotenv-1.2.2-py3-none-any.whl", hash = "sha256:1d8214789a24de455a8b8bd8ae6fe3c6b69a5e3d64aa8a8e5d68e694bbcb285a", size = 22101, upload-time = "2026-03-01T16:00:25.09Z" },
]

[[package]]
name = "shioaji"
version = "1.5.4"
source = { registry = "https://pypi.org/simple" }
wheels = [
    { url = "https://files.pythonhosted.org/packages/75/7b/fb7c68871ab3ce704aecd19b59d529ec22d3a0e3107fea0e56085343c2a7/shioaji-1.5.4-cp314-cp314t-macosx_10_15_x86_64.whl", hash = "sha256:dd3c9656e765474ced4f63858762279d17c7afbf669dc23456a88ce6c596b08a", size = 36476693, upload-time = "2026-06-25T08:38:45.843Z" },
    { url = "https://files.pythonhosted.org/packages/92/b4/d7dcaa090a970fb5f9d9274a1d9fb9ff6b1a33f1c5703ce0932e85119fe3/shioaji-1.5.4-cp314-cp314t-macosx_11_0_arm64.whl", hash = "sha256:32b93906cad645e535f6ad23bf3f23ba2d897f16c8af7c98bbb9bb8d25882bbe", size = 33680748, upload-time = "2026-06-25T07:19:46.941Z" },
    { url = "https://files.pythonhosted.org/packages/20/04/85bae966891943e372a87ae5d11191865f5c483c46b52fabf015aa0d053a/shioaji-1.5.4-cp314-cp314t-manylinux_2_17_x86_64.manylinux2014_x86_64.whl", hash = "sha256:2a45b2fa351f33822a8eda5e65490a046984f5b93c09e729ff088b7d2f62857e", size = 38151442, upload-time = "2026-06-25T07:27:55.78Z" },
    { url = "https://files.pythonhosted.org/packages/62/70/33df040cf3509d0da85193d513782a01c8d7791a6f5c2e396a9cd516d451/shioaji-1.5.4-cp314-cp314t-manylinux_2_28_aarch64.whl", hash = "sha256:4561b25c858f995f27e498b065a3dadbc490cc98c16dfade1cfca54d05fe1a67", size = 35748892, upload-time = "2026-06-25T08:39:58.973Z" },
    { url = "https://files.pythonhosted.org/packages/7b/78/2713f56d8ba828b3fc36e9db2aede8b774a0da7f4d5a6f24fcc63d82121f/shioaji-1.5.4-cp37-abi3-macosx_10_15_x86_64.whl", hash = "sha256:60cf56893fc1b107d9ec648b5ef76d0a9f6c087abfd34cc9589b53ef7a4d14f1", size = 36501181, upload-time = "2026-06-25T07:21:57.607Z" },
    { url = "https://files.pythonhosted.org/packages/05/9f/a8b23079e60ad755d8519ddb88763a5c082d5469cc92b603a3b2a9df9ea1/shioaji-1.5.4-cp37-abi3-macosx_11_0_arm64.whl", hash = "sha256:741c526e685a7e9db460e518de13b161caf679e3cdfbc13fe3451041905f6fad", size = 33700098, upload-time = "2026-06-25T07:19:17.282Z" },
    { url = "https://files.pythonhosted.org/packages/b1/76/4adba4f7c7aefdfc07d4a13c562ec62a27eacf461185ffda66489a7abe23/shioaji-1.5.4-cp37-abi3-manylinux_2_17_x86_64.manylinux2014_x86_64.whl", hash = "sha256:b080d9c9b7379e93d449802a4cdc2de10e72654229e67bf220ac76bc85f4261f", size = 38139705, upload-time = "2026-06-25T07:24:56.393Z" },
    { url = "https://files.pythonhosted.org/packages/4f/4b/afb93e2222f4040e59d617da43103371a4436dcd2263d112363e6d58ad9a/shioaji-1.5.4-cp37-abi3-manylinux_2_28_aarch64.whl", hash = "sha256:9bb4c95934820e19f708c6d0b0606751513f3bf6f0502d488158249250ec3fd3", size = 35738540, upload-time = "2026-06-25T07:26:01.594Z" },
    { url = "https://files.pythonhosted.org/packages/ec/ce/e0b5b499c61276ec12f44eb1a1715ccb6de74711d96a5b5fd53bba7be445/shioaji-1.5.4-cp37-abi3-win_amd64.whl", hash = "sha256:2da0a942c629a047e4297e726949b192ceda93e9ee26f5ffb713f9a2a757bd99", size = 40133517, upload-time = "2026-06-25T07:31:42.183Z" },
]

[[package]]
name = "sj-trading"
version = "0.1.0"
source = { editable = "." }
dependencies = [
    { name = "python-dotenv", version = "1.2.1", source = { registry = "https://pypi.org/simple" }, marker = "python_full_version < '3.10'" },
    { name = "python-dotenv", version = "1.2.2", source = { registry = "https://pypi.org/simple" }, marker = "python_full_version >= '3.10'" },
    { name = "shioaji" },
]

[package.metadata]
requires-dist = [
    { name = "python-dotenv", specifier = ">=1.2.0" },
    { name = "shioaji", specifier = ">=1.2.0" },
]
